
Microsoft Visual Studio Solution File, Format Version 12.00
Project("{2150E333-8FDC-42A3-9474-1A3956D46DE8}") = "Redis", "Redis", "{650A6A65-5806-4021-98F0-75BC3BF544CF}"
EndProject
Project("{FAE04EC0-301F-11D3-BF4B-00C04F79EFBC}") = "RedisApp", "Redis\RedisApp\RedisApp.csproj", "{7689BE45-C538-49E5-91BF-7A3D3D7A943C}"
EndProject
Project("{2150E333-8FDC-42A3-9474-1A3956D46DE8}") = "Neo4j", "Neo4j", "{B7692B33-CC69-478E-90B5-6650E0214CEF}"
EndProject
Project("{FAE04EC0-301F-11D3-BF4B-00C04F79EFBC}") = "Neo4jApp", "Neo4j\Neo4jApp\Neo4jApp.csproj", "{E69D6CC3-BF33-4567-8E8A-6B0AB4380F5C}"
EndProject
Project("{2150E333-8FDC-42A3-9474-1A3956D46DE8}") = "MongoDb", "MongoDb", "{CD054FF8-1CB2-4E91-A7F9-16AEFABF68A0}"
EndProject
Project("{FAE04EC0-301F-11D3-BF4B-00C04F79EFBC}") = "BlogApp", "MongoDb\BlogApp\BlogApp.csproj", "{70170D55-5DEC-4521-B38B-C06805581AF8}"
EndProject
Project("{FAE04EC0-301F-11D3-BF4B-00C04F79EFBC}") = "TransactionApp", "MongoDb\TransactionApp\TransactionApp.csproj", "{E1A180BE-842F-424B-AF21-B1FF556F9A1B}"
EndProject
Project("{FAE04EC0-301F-11D3-BF4B-00C04F79EFBC}") = "PizzaHouseApp", "MongoDb\PizzaHouseApp\PizzaHouseApp.csproj", "{FF3D455A-D7E7-4EF8-B39F-4DCE45F2CB68}"
EndProject
Project("{FAE04EC0-301F-11D3-BF4B-00C04F79EFBC}") = "AzureTableStorageApp", "AzureTableStorage\AzureTableStorageApp\AzureTableStorageApp.csproj", "{0720C32C-901F-4A9A-9EA4-20FCE176312D}"
EndProject
Project("{2150E333-8FDC-42A3-9474-1A3956D46DE8}") = "AzureTableStorage", "AzureTableStorage", "{A32F6D2F-B45D-457B-8F2B-8EBA8E9A2869}"
EndProject
Project("{2150E333-8FDC-42A3-9474-1A3956D46DE8}") = "EventStore", "EventStore", "{85F343BA-73D5-4AC5-A6E2-528AA10A5FE2}"
EndProject
Project("{FAE04EC0-301F-11D3-BF4B-00C04F79EFBC}") = "EventSourcing.Common", "EventStore\EventSourcing.Common\EventSourcing.Common.csproj", "{CF40889F-18EA-4125-9ABD-2A17A0AF0788}"
EndProject
Project("{FAE04EC0-301F-11D3-BF4B-00C04F79EFBC}") = "EventSourcing.Publisher", "EventStore\EventSourcing.Publisher\EventSourcing.Publisher.csproj", "{F3D471DF-A026-4464-B079-BBFF2F4F0B44}"
EndProject
Project("{FAE04EC0-301F-11D3-BF4B-00C04F79EFBC}") = "EventSourcing.Subscriber", "EventStore\EventSourcing.Subscriber\EventSourcing.Subscriber.csproj", "{16ACE3E7-B6AC-4354-828B-A12BC85CFD26}"
EndProject
Project("{FAE04EC0-301F-11D3-BF4B-00C04F79EFBC}") = "PeopleGenerator", "MongoDb\PeopleGenerator\PeopleGenerator.csproj", "{1139E5D7-55CB-4144-8D4E-7C546F8AAA1B}"
EndProject
Global
	GlobalSection(SolutionConfigurationPlatforms) = preSolution
		Debug|Any CPU = Debug|Any CPU
		Release|Any CPU = Release|Any CPU
	EndGlobalSection
	GlobalSection(ProjectConfigurationPlatforms) = postSolution
		{7689BE45-C538-49E5-91BF-7A3D3D7A943C}.Debug|Any CPU.ActiveCfg = Debug|Any CPU
		{7689BE45-C538-49E5-91BF-7A3D3D7A943C}.Debug|Any CPU.Build.0 = Debug|Any CPU
		{7689BE45-C538-49E5-91BF-7A3D3D7A943C}.Release|Any CPU.ActiveCfg = Release|Any CPU
		{7689BE45-C538-49E5-91BF-7A3D3D7A943C}.Release|Any CPU.Build.0 = Release|Any CPU
		{E69D6CC3-BF33-4567-8E8A-6B0AB4380F5C}.Debug|Any CPU.ActiveCfg = Debug|Any CPU
		{E69D6CC3-BF33-4567-8E8A-6B0AB4380F5C}.Debug|Any CPU.Build.0 = Debug|Any CPU
		{E69D6CC3-BF33-4567-8E8A-6B0AB4380F5C}.Release|Any CPU.ActiveCfg = Release|Any CPU
		{E69D6CC3-BF33-4567-8E8A-6B0AB4380F5C}.Release|Any CPU.Build.0 = Release|Any CPU
		{70170D55-5DEC-4521-B38B-C06805581AF8}.Debug|Any CPU.ActiveCfg = Debug|Any CPU
		{70170D55-5DEC-4521-B38B-C06805581AF8}.Debug|Any CPU.Build.0 = Debug|Any CPU
		{70170D55-5DEC-4521-B38B-C06805581AF8}.Release|Any CPU.ActiveCfg = Release|Any CPU
		{70170D55-5DEC-4521-B38B-C06805581AF8}.Release|Any CPU.Build.0 = Release|Any CPU
		{E1A180BE-842F-424B-AF21-B1FF556F9A1B}.Debug|Any CPU.ActiveCfg = Debug|Any CPU
		{E1A180BE-842F-424B-AF21-B1FF556F9A1B}.Debug|Any CPU.Build.0 = Debug|Any CPU
		{E1A180BE-842F-424B-AF21-B1FF556F9A1B}.Release|Any CPU.ActiveCfg = Release|Any CPU
		{E1A180BE-842F-424B-AF21-B1FF556F9A1B}.Release|Any CPU.Build.0 = Release|Any CPU
		{FF3D455A-D7E7-4EF8-B39F-4DCE45F2CB68}.Debug|Any CPU.ActiveCfg = Debug|Any CPU
		{FF3D455A-D7E7-4EF8-B39F-4DCE45F2CB68}.Debug|Any CPU.Build.0 = Debug|Any CPU
		{FF3D455A-D7E7-4EF8-B39F-4DCE45F2CB68}.Release|Any CPU.ActiveCfg = Release|Any CPU
		{FF3D455A-D7E7-4EF8-B39F-4DCE45F2CB68}.Release|Any CPU.Build.0 = Release|Any CPU
		{0720C32C-901F-4A9A-9EA4-20FCE176312D}.Debug|Any CPU.ActiveCfg = Debug|Any CPU
		{0720C32C-901F-4A9A-9EA4-20FCE176312D}.Debug|Any CPU.Build.0 = Debug|Any CPU
		{0720C32C-901F-4A9A-9EA4-20FCE176312D}.Release|Any CPU.ActiveCfg = Release|Any CPU
		{0720C32C-901F-4A9A-9EA4-20FCE176312D}.Release|Any CPU.Build.0 = Release|Any CPU
		{CF40889F-18EA-4125-9ABD-2A17A0AF0788}.Debug|Any CPU.ActiveCfg = Debug|Any CPU
		{CF40889F-18EA-4125-9ABD-2A17A0AF0788}.Debug|Any CPU.Build.0 = Debug|Any CPU
		{CF40889F-18EA-4125-9ABD-2A17A0AF0788}.Release|Any CPU.ActiveCfg = Release|Any CPU
		{CF40889F-18EA-4125-9ABD-2A17A0AF0788}.Release|Any CPU.Build.0 = Release|Any CPU
		{F3D471DF-A026-4464-B079-BBFF2F4F0B44}.Debug|Any CPU.ActiveCfg = Debug|Any CPU
		{F3D471DF-A026-4464-B079-BBFF2F4F0B44}.Debug|Any CPU.Build.0 = Debug|Any CPU
		{F3D471DF-A026-4464-B079-BBFF2F4F0B44}.Release|Any CPU.ActiveCfg = Release|Any CPU
		{F3D471DF-A026-4464-B079-BBFF2F4F0B44}.Release|Any CPU.Build.0 = Release|Any CPU
		{16ACE3E7-B6AC-4354-828B-A12BC85CFD26}.Debug|Any CPU.ActiveCfg = Debug|Any CPU
		{16ACE3E7-B6AC-4354-828B-A12BC85CFD26}.Debug|Any CPU.Build.0 = Debug|Any CPU
		{16ACE3E7-B6AC-4354-828B-A12BC85CFD26}.Release|Any CPU.ActiveCfg = Release|Any CPU
		{16ACE3E7-B6AC-4354-828B-A12BC85CFD26}.Release|Any CPU.Build.0 = Release|Any CPU
		{1139E5D7-55CB-4144-8D4E-7C546F8AAA1B}.Debug|Any CPU.ActiveCfg = Debug|Any CPU
		{1139E5D7-55CB-4144-8D4E-7C546F8AAA1B}.Debug|Any CPU.Build.0 = Debug|Any CPU
		{1139E5D7-55CB-4144-8D4E-7C546F8AAA1B}.Release|Any CPU.ActiveCfg = Release|Any CPU
		{1139E5D7-55CB-4144-8D4E-7C546F8AAA1B}.Release|Any CPU.Build.0 = Release|Any CPU
	EndGlobalSection
	GlobalSection(NestedProjects) = preSolution
		{E69D6CC3-BF33-4567-8E8A-6B0AB4380F5C} = {B7692B33-CC69-478E-90B5-6650E0214CEF}
		{7689BE45-C538-49E5-91BF-7A3D3D7A943C} = {650A6A65-5806-4021-98F0-75BC3BF544CF}
		{70170D55-5DEC-4521-B38B-C06805581AF8} = {CD054FF8-1CB2-4E91-A7F9-16AEFABF68A0}
		{E1A180BE-842F-424B-AF21-B1FF556F9A1B} = {CD054FF8-1CB2-4E91-A7F9-16AEFABF68A0}
		{FF3D455A-D7E7-4EF8-B39F-4DCE45F2CB68} = {CD054FF8-1CB2-4E91-A7F9-16AEFABF68A0}
		{0720C32C-901F-4A9A-9EA4-20FCE176312D} = {A32F6D2F-B45D-457B-8F2B-8EBA8E9A2869}
		{CF40889F-18EA-4125-9ABD-2A17A0AF0788} = {85F343BA-73D5-4AC5-A6E2-528AA10A5FE2}
		{F3D471DF-A026-4464-B079-BBFF2F4F0B44} = {85F343BA-73D5-4AC5-A6E2-528AA10A5FE2}
		{16ACE3E7-B6AC-4354-828B-A12BC85CFD26} = {85F343BA-73D5-4AC5-A6E2-528AA10A5FE2}
		{1139E5D7-55CB-4144-8D4E-7C546F8AAA1B} = {CD054FF8-1CB2-4E91-A7F9-16AEFABF68A0}
	EndGlobalSection
EndGlobal
